
Microsoft Visual Studio Solution File, Format Version 12.00
# Visual Studio 15
VisualStudioVersion = 15.0.28307.539
MinimumVisualStudioVersion = 10.0.40219.1
Project("{FAE04EC0-301F-11D3-BF4B-00C04F79EFBC}") = "FizzBuzzKata", "FizzBuzz\FizzBuzzKata.csproj", "{79BDDBD0-26EB-4DE6-9F0B-D28900876B30}"
EndProject
Project("{FAE04EC0-301F-11D3-BF4B-00C04F79EFBC}") = "FizzBuzzKata.Tests", "FizzBuzzKata.Tests\FizzBuzzKata.Tests.csproj", "{9ED1CE71-7837-44A5-9E54-A27046480619}"
EndProject
Global
	GlobalSection(SolutionConfigurationPlatforms) = preSolution
		Debug|Any CPU = Debug|Any CPU
		Release|Any CPU = Release|Any CPU
	EndGlobalSection
	GlobalSection(ProjectConfigurationPlatforms) = postSolution
		{79BDDBD0-26EB-4DE6-9F0B-D28900876B30}.Debug|Any CPU.ActiveCfg = Debug|Any CPU
		{79BDDBD0-26EB-4DE6-9F0B-D28900876B30}.Debug|Any CPU.Build.0 = Debug|Any CPU
		{79BDDBD0-26EB-4DE6-9F0B-D28900876B30}.Release|Any CPU.ActiveCfg = Release|Any CPU
		{79BDDBD0-26EB-4DE6-9F0B-D28900876B30}.Release|Any CPU.Build.0 = Release|Any CPU
		{9ED1CE71-7837-44A5-9E54-A27046480619}.Debug|Any CPU.ActiveCfg = Debug|Any CPU
		{9ED1CE71-7837-44A5-9E54-A27046480619}.Debug|Any CPU.Build.0 = Debug|Any CPU
		{9ED1CE71-7837-44A5-9E54-A27046480619}.Release|Any CPU.ActiveCfg = Release|Any CPU
		{9ED1CE71-7837-44A5-9E54-A27046480619}.Release|Any CPU.Build.0 = Release|Any CPU
	EndGlobalSection
	GlobalSection(SolutionProperties) = preSolution
		HideSolutionNode = FALSE
	EndGlobalSection
	GlobalSection(ExtensibilityGlobals) = postSolution
		SolutionGuid = {A32798DC-818E-419B-A2CA-3E80DAEFBE7E}
	EndGlobalSection
EndGlobal
